# THIS IS AN AUTOGENERATED FILE. DO NOT EDIT THIS FILE DIRECTLY.
# yarn lockfile v1


debug@^2.2:
  version "2.6.9"
  resolved "https://registry.yarnpkg.com/debug/-/debug-2.6.9.tgz#5d128515df134ff327e90a4c93f4e077a536341f"
  dependencies:
    ms "2.0.0"

dms2dec@^1.1.0:
  version "1.1.0"
  resolved "https://registry.yarnpkg.com/dms2dec/-/dms2dec-1.1.0.tgz#a60b43731194927886b74ba8dbca762efbfe847c"

exif@^0.6.0:
  version "0.6.0"
  resolved "https://registry.yarnpkg.com/exif/-/exif-0.6.0.tgz#60a62668076542cb7e4f57199d4ac6f37d2c5f4a"
  dependencies:
    debug "^2.2"

ms@2.0.0:
  version "2.0.0"
  resolved "https://registry.yarnpkg.com/ms/-/ms-2.0.0.tgz#5608aeadfc00be6c2901df5f9861788de0d597c8"

node-iptc@^1.0.5:
  version "1.0.5"
  resolved "https://registry.yarnpkg.com/node-iptc/-/node-iptc-1.0.5.tgz#637ec5c296889b34104a8de75d6b94ee3c85c2c9"

slug@^0.9.3:
  version "0.9.3"
  resolved "https://registry.yarnpkg.com/slug/-/slug-0.9.3.tgz#8c9c773d79367c0188733316cf49fd2b8db40f6a"
  dependencies:
    unicode ">= 0.3.1"

"unicode@>= 0.3.1":
  version "11.0.1"
  resolved "https://registry.yarnpkg.com/unicode/-/unicode-11.0.1.tgz#735bd422ec75cf28d396eb224d535d168d5f1db6"
